// !$*UTF8*$!
{
	archiveVersion = 1;
	classes = {
	};
	objectVersion = 46;
	objects = {

/* Begin PBXBuildFile section */
		822BFC7F1E716AF700E8C3B0 /* UIColor-Extension.swift in Sources */ = {isa = PBXBuildFile; fileRef = 822BFC7E1E716AF700E8C3B0 /* UIColor-Extension.swift */; };
		822D071A1E702C6B002FDFE0 /* UIBarButtonItem-Extension.swift in Sources */ = {isa = PBXBuildFile; fileRef = 822D07191E702C6B002FDFE0 /* UIBarButtonItem-Extension.swift */; };
		822D071C1E703481002FDFE0 /* PageTitleView.swift in Sources */ = {isa = PBXBuildFile; fileRef = 822D071B1E703481002FDFE0 /* PageTitleView.swift */; };
		822D071E1E703742002FDFE0 /* Common.swift in Sources */ = {isa = PBXBuildFile; fileRef = 822D071D1E703742002FDFE0 /* Common.swift */; };
		825AD53F1E6BE03D009554C9 /* Home.storyboard in Resources */ = {isa = PBXBuildFile; fileRef = 825AD53D1E6BE03D009554C9 /* Home.storyboard */; };
		825AD5411E6BE142009554C9 /* Live.storyboard in Resources */ = {isa = PBXBuildFile; fileRef = 825AD5401E6BE142009554C9 /* Live.storyboard */; };
		825AD5441E6BE160009554C9 /* Follow.storyboard in Resources */ = {isa = PBXBuildFile; fileRef = 825AD5421E6BE160009554C9 /* Follow.storyboard */; };
		825AD5471E6BE1B0009554C9 /* Profile.storyboard in Resources */ = {isa = PBXBuildFile; fileRef = 825AD5461E6BE1B0009554C9 /* Profile.storyboard */; };
		825AD5521E6C092D009554C9 /* MainViewController.swift in Sources */ = {isa = PBXBuildFile; fileRef = 825AD5511E6C092D009554C9 /* MainViewController.swift */; };
		825AD5541E6C0978009554C9 /* HomeViewController.swift in Sources */ = {isa = PBXBuildFile; fileRef = 825AD5531E6C0978009554C9 /* HomeViewController.swift */; };
		8279986B1E69619B00EB55C6 /* AppDelegate.swift in Sources */ = {isa = PBXBuildFile; fileRef = 8279986A1E69619B00EB55C6 /* AppDelegate.swift */; };
		827998701E69619B00EB55C6 /* Main.storyboard in Resources */ = {isa = PBXBuildFile; fileRef = 8279986E1E69619B00EB55C6 /* Main.storyboard */; };
		827998721E69619B00EB55C6 /* Assets.xcassets in Resources */ = {isa = PBXBuildFile; fileRef = 827998711E69619B00EB55C6 /* Assets.xcassets */; };
		827998751E69619B00EB55C6 /* LaunchScreen.storyboard in Resources */ = {isa = PBXBuildFile; fileRef = 827998731E69619B00EB55C6 /* LaunchScreen.storyboard */; };
		827998801E69619B00EB55C6 /* DYDemoTests.swift in Sources */ = {isa = PBXBuildFile; fileRef = 8279987F1E69619B00EB55C6 /* DYDemoTests.swift */; };
		8279988B1E69619B00EB55C6 /* DYDemoUITests.swift in Sources */ = {isa = PBXBuildFile; fileRef = 8279988A1E69619B00EB55C6 /* DYDemoUITests.swift */; };
		82D1C0D51E76A81F00218D0A /* ReCommendViewController.swift in Sources */ = {isa = PBXBuildFile; fileRef = 82D1C0D41E76A81F00218D0A /* ReCommendViewController.swift */; };
		82FF86E51E71680100B4082A /* PageContentView.swift in Sources */ = {isa = PBXBuildFile; fileRef = 82FF86E41E71680100B4082A /* PageContentView.swift */; };
/* End PBXBuildFile section */

/* Begin PBXContainerItemProxy section */
		8279987C1E69619B00EB55C6 /* PBXContainerItemProxy */ = {
			isa = PBXContainerItemProxy;
			containerPortal = 8279985F1E69619B00EB55C6 /* Project object */;
			proxyType = 1;
			remoteGlobalIDString = 827998661E69619B00EB55C6;
			remoteInfo = DYDemo;
		};
		827998871E69619B00EB55C6 /* PBXContainerItemProxy */ = {
			isa = PBXContainerItemProxy;
			containerPortal = 8279985F1E69619B00EB55C6 /* Project object */;
			proxyType = 1;
			remoteGlobalIDString = 827998661E69619B00EB55C6;
			remoteInfo = DYDemo;
		};
/* End PBXContainerItemProxy section */

/* Begin PBXFileReference section */
		822BFC7E1E716AF700E8C3B0 /* UIColor-Extension.swift */ = {isa = PBXFileReference; fileEncoding = 4; lastKnownFileType = sourcecode.swift; path = "UIColor-Extension.swift"; sourceTree = "<group>"; };
		822D07191E702C6B002FDFE0 /* UIBarButtonItem-Extension.swift */ = {isa = PBXFileReference; fileEncoding = 4; lastKnownFileType = sourcecode.swift; path = "UIBarButtonItem-Extension.swift"; sourceTree = "<group>"; };
		822D071B1E703481002FDFE0 /* PageTitleView.swift */ = {isa = PBXFileReference; fileEncoding = 4; lastKnownFileType = sourcecode.swift; path = PageTitleView.swift; sourceTree = "<group>"; };
		822D071D1E703742002FDFE0 /* Common.swift */ = {isa = PBXFileReference; fileEncoding = 4; lastKnownFileType = sourcecode.swift; path = Common.swift; sourceTree = "<group>"; };
		825AD53E1E6BE03D009554C9 /* Base */ = {isa = PBXFileReference; lastKnownFileType = file.storyboard; name = Base; path = Base.lproj/Home.storyboard; sourceTree = "<group>"; };
		825AD5401E6BE142009554C9 /* Live.storyboard */ = {isa = PBXFileReference; fileEncoding = 4; lastKnownFileType = file.storyboard; name = Live.storyboard; path = ../../Live.storyboard; sourceTree = "<group>"; };
		825AD5431E6BE160009554C9 /* Base */ = {isa = PBXFileReference; lastKnownFileType = file.storyboard; name = Base; path = Base.lproj/Follow.storyboard; sourceTree = "<group>"; };
		825AD5461E6BE1B0009554C9 /* Profile.storyboard */ = {isa = PBXFileReference; fileEncoding = 4; lastKnownFileType = file.storyboard; name = Profile.storyboard; path = ../../Profile.storyboard; sourceTree = "<group>"; };
		825AD5511E6C092D009554C9 /* MainViewController.swift */ = {isa = PBXFileReference; fileEncoding = 4; lastKnownFileType = sourcecode.swift; path = MainViewController.swift; sourceTree = "<group>"; };
		825AD5531E6C0978009554C9 /* HomeViewController.swift */ = {isa = PBXFileReference; fileEncoding = 4; lastKnownFileType = sourcecode.swift; path = HomeViewController.swift; sourceTree = "<group>"; };
		827998671E69619B00EB55C6 /* DYDemo.app */ = {isa = PBXFileReference; explicitFileType = wrapper.application; includeInIndex = 0; path = DYDemo.app; sourceTree = BUILT_PRODUCTS_DIR; };
		8279986A1E69619B00EB55C6 /* AppDelegate.swift */ = {isa = PBXFileReference; lastKnownFileType = sourcecode.swift; path = AppDelegate.swift; sourceTree = "<group>"; };
		8279986F1E69619B00EB55C6 /* Base */ = {isa = PBXFileReference; lastKnownFileType = file.storyboard; name = Base; path = Base.lproj/Main.storyboard; sourceTree = "<group>"; };
		827998711E69619B00EB55C6 /* Assets.xcassets */ = {isa = PBXFileReference; lastKnownFileType = folder.assetcatalog; path = Assets.xcassets; sourceTree = "<group>"; };
		827998741E69619B00EB55C6 /* Base */ = {isa = PBXFileReference; lastKnownFileType = file.storyboard; name = Base; path = Base.lproj/LaunchScreen.storyboard; sourceTree = "<group>"; };
		827998761E69619B00EB55C6 /* Info.plist */ = {isa = PBXFileReference; lastKnownFileType = text.plist.xml; path = Info.plist; sourceTree = "<group>"; };
		8279987B1E69619B00EB55C6 /* DYDemoTests.xctest */ = {isa = PBXFileReference; explicitFileType = wrapper.cfbundle; includeInIndex = 0; path = DYDemoTests.xctest; sourceTree = BUILT_PRODUCTS_DIR; };
		8279987F1E69619B00EB55C6 /* DYDemoTests.swift */ = {isa = PBXFileReference; lastKnownFileType = sourcecode.swift; path = DYDemoTests.swift; sourceTree = "<group>"; };
		827998811E69619B00EB55C6 /* Info.plist */ = {isa = PBXFileReference; lastKnownFileType = text.plist.xml; path = Info.plist; sourceTree = "<group>"; };
		827998861E69619B00EB55C6 /* DYDemoUITests.xctest */ = {isa = PBXFileReference; explicitFileType = wrapper.cfbundle; includeInIndex = 0; path = DYDemoUITests.xctest; sourceTree = BUILT_PRODUCTS_DIR; };
		8279988A1E69619B00EB55C6 /* DYDemoUITests.swift */ = {isa = PBXFileReference; lastKnownFileType = sourcecode.swift; path = DYDemoUITests.swift; sourceTree = "<group>"; };
		8279988C1E69619B00EB55C6 /* Info.plist */ = {isa = PBXFileReference; lastKnownFileType = text.plist.xml; path = Info.plist; sourceTree = "<group>"; };
		82D1C0D41E76A81F00218D0A /* ReCommendViewController.swift */ = {isa = PBXFileReference; fileEncoding = 4; lastKnownFileType = sourcecode.swift; path = ReCommendViewController.swift; sourceTree = "<group>"; };
		82FF86E41E71680100B4082A /* PageContentView.swift */ = {isa = PBXFileReference; fileEncoding = 4; lastKnownFileType = sourcecode.swift; path = PageContentView.swift; sourceTree = "<group>"; };
/* End PBXFileReference section */

/* Begin PBXFrameworksBuildPhase section */
		827998641E69619B00EB55C6 /* Frameworks */ = {
			isa = PBXFrameworksBuildPhase;
			buildActionMask = 2147483647;
			files = (
			);
			runOnlyForDeploymentPostprocessing = 0;
		};
		827998781E69619B00EB55C6 /* Frameworks */ = {
			isa = PBXFrameworksBuildPhase;
			buildActionMask = 2147483647;
			files = (
			);
			runOnlyForDeploymentPostprocessing = 0;
		};
		827998831E69619B00EB55C6 /* Frameworks */ = {
			isa = PBXFrameworksBuildPhase;
			buildActionMask = 2147483647;
			files = (
			);
			runOnlyForDeploymentPostprocessing = 0;
		};
/* End PBXFrameworksBuildPhase section */

/* Begin PBXGroup section */
		822D07181E702C6B002FDFE0 /* Extension */ = {
			isa = PBXGroup;
			children = (
				822D07191E702C6B002FDFE0 /* UIBarButtonItem-Extension.swift */,
				822BFC7E1E716AF700E8C3B0 /* UIColor-Extension.swift */,
			);
			path = Extension;
			sourceTree = "<group>";
		};
		825AD5361E6BDA4B009554C9 /* Classes */ = {
			isa = PBXGroup;
			children = (
				825AD5481E6BE274009554C9 /* Main */,
				825AD5451E6BE176009554C9 /* Profile */,
				825AD5371E6BDA4B009554C9 /* Follow */,
				825AD5381E6BDA4B009554C9 /* Home */,
				825AD5391E6BDA4B009554C9 /* Live */,
				825AD53B1E6BDA4B009554C9 /* Tool */,
			);
			path = Classes;
			sourceTree = "<group>";
		};
		825AD5371E6BDA4B009554C9 /* Follow */ = {
			isa = PBXGroup;
			children = (
				825AD5421E6BE160009554C9 /* Follow.storyboard */,
			);
			path = Follow;
			sourceTree = "<group>";
		};
		825AD5381E6BDA4B009554C9 /* Home */ = {
			isa = PBXGroup;
			children = (
				825AD54C1E6BFB24009554C9 /* Model */,
				825AD54D1E6BFB24009554C9 /* View */,
				825AD54B1E6BFB24009554C9 /* Controller */,
			);
			path = Home;
			sourceTree = "<group>";
		};
		825AD5391E6BDA4B009554C9 /* Live */ = {
			isa = PBXGroup;
			children = (
				825AD5401E6BE142009554C9 /* Live.storyboard */,
			);
			path = Live;
			sourceTree = "<group>";
		};
		825AD53B1E6BDA4B009554C9 /* Tool */ = {
			isa = PBXGroup;
			children = (
				822D07181E702C6B002FDFE0 /* Extension */,
				822D071D1E703742002FDFE0 /* Common.swift */,
			);
			path = Tool;
			sourceTree = "<group>";
		};
		825AD5451E6BE176009554C9 /* Profile */ = {
			isa = PBXGroup;
			children = (
				825AD5461E6BE1B0009554C9 /* Profile.storyboard */,
			);
			path = Profile;
			sourceTree = "<group>";
		};
		825AD5481E6BE274009554C9 /* Main */ = {
			isa = PBXGroup;
			children = (
				825AD54F1E6BFB5D009554C9 /* Model */,
				825AD5501E6BFB5D009554C9 /* View */,
				825AD54E1E6BFB5D009554C9 /* Controller */,
			);
			path = Main;
			sourceTree = "<group>";
		};
		825AD54B1E6BFB24009554C9 /* Controller */ = {
			isa = PBXGroup;
			children = (
				825AD53D1E6BE03D009554C9 /* Home.storyboard */,
				825AD5531E6C0978009554C9 /* HomeViewController.swift */,
				82D1C0D41E76A81F00218D0A /* ReCommendViewController.swift */,
			);
			path = Controller;
			sourceTree = "<group>";
		};
		825AD54C1E6BFB24009554C9 /* Model */ = {
			isa = PBXGroup;
			children = (
			);
			path = Model;
			sourceTree = "<group>";
		};
		825AD54D1E6BFB24009554C9 /* View */ = {
			isa = PBXGroup;
			children = (
			);
			path = View;
			sourceTree = "<group>";
		};
		825AD54E1E6BFB5D009554C9 /* Controller */ = {
			isa = PBXGroup;
			children = (
				8279986E1E69619B00EB55C6 /* Main.storyboard */,
				825AD5511E6C092D009554C9 /* MainViewController.swift */,
			);
			path = Controller;
			sourceTree = "<group>";
		};
		825AD54F1E6BFB5D009554C9 /* Model */ = {
			isa = PBXGroup;
			children = (
			);
			path = Model;
			sourceTree = "<group>";
		};
		825AD5501E6BFB5D009554C9 /* View */ = {
			isa = PBXGroup;
			children = (
				822D071B1E703481002FDFE0 /* PageTitleView.swift */,
				82FF86E41E71680100B4082A /* PageContentView.swift */,
			);
			path = View;
			sourceTree = "<group>";
		};
		8279985E1E69619B00EB55C6 = {
			isa = PBXGroup;
			children = (
				827998691E69619B00EB55C6 /* DYDemo */,
				8279987E1E69619B00EB55C6 /* DYDemoTests */,
				827998891E69619B00EB55C6 /* DYDemoUITests */,
				827998681E69619B00EB55C6 /* Products */,
			);
			sourceTree = "<group>";
		};
		827998681E69619B00EB55C6 /* Products */ = {
			isa = PBXGroup;
			children = (
				827998671E69619B00EB55C6 /* DYDemo.app */,
				8279987B1E69619B00EB55C6 /* DYDemoTests.xctest */,
				827998861E69619B00EB55C6 /* DYDemoUITests.xctest */,
			);
			name = Products;
			sourceTree = "<group>";
		};
		827998691E69619B00EB55C6 /* DYDemo */ = {
			isa = PBXGroup;
			children = (
				825AD5361E6BDA4B009554C9 /* Classes */,
				8279986A1E69619B00EB55C6 /* AppDelegate.swift */,
				827998711E69619B00EB55C6 /* Assets.xcassets */,
				827998731E69619B00EB55C6 /* LaunchScreen.storyboard */,
				827998761E69619B00EB55C6 /* Info.plist */,
			);
			path = DYDemo;
			sourceTree = "<group>";
		};
		8279987E1E69619B00EB55C6 /* DYDemoTests */ = {
			isa = PBXGroup;
			children = (
				8279987F1E69619B00EB55C6 /* DYDemoTests.swift */,
				827998811E69619B00EB55C6 /* Info.plist */,
			);
			path = DYDemoTests;
			sourceTree = "<group>";
		};
		827998891E69619B00EB55C6 /* DYDemoUITests */ = {
			isa = PBXGroup;
			children = (
				8279988A1E69619B00EB55C6 /* DYDemoUITests.swift */,
				8279988C1E69619B00EB55C6 /* Info.plist */,
			);
			path = DYDemoUITests;
			sourceTree = "<group>";
		};
/* End PBXGroup section */

/* Begin PBXNativeTarget section */
		827998661E69619B00EB55C6 /* DYDemo */ = {
			isa = PBXNativeTarget;
			buildConfigurationList = 8279988F1E69619B00EB55C6 /* Build configuration list for PBXNativeTarget "DYDemo" */;
			buildPhases = (
				827998631E69619B00EB55C6 /* Sources */,
				827998641E69619B00EB55C6 /* Frameworks */,
				827998651E69619B00EB55C6 /* Resources */,
			);
			buildRules = (
			);
			dependencies = (
			);
			name = DYDemo;
			productName = DYDemo;
			productReference = 827998671E69619B00EB55C6 /* DYDemo.app */;
			productType = "com.apple.product-type.application";
		};
		8279987A1E69619B00EB55C6 /* DYDemoTests */ = {
			isa = PBXNativeTarget;
			buildConfigurationList = 827998921E69619B00EB55C6 /* Build configuration list for PBXNativeTarget "DYDemoTests" */;
			buildPhases = (
				827998771E69619B00EB55C6 /* Sources */,
				827998781E69619B00EB55C6 /* Frameworks */,
				827998791E69619B00EB55C6 /* Resources */,
			);
			buildRules = (
			);
			dependencies = (
				8279987D1E69619B00EB55C6 /* PBXTargetDependency */,
			);
			name = DYDemoTests;
			productName = DYDemoTests;
			productReference = 8279987B1E69619B00EB55C6 /* DYDemoTests.xctest */;
			productType = "com.apple.product-type.bundle.unit-test";
		};
		827998851E69619B00EB55C6 /* DYDemoUITests */ = {
			isa = PBXNativeTarget;
			buildConfigurationList = 827998951E69619B00EB55C6 /* Build configuration list for PBXNativeTarget "DYDemoUITests" */;
			buildPhases = (
				827998821E69619B00EB55C6 /* Sources */,
				827998831E69619B00EB55C6 /* Frameworks */,
				827998841E69619B00EB55C6 /* Resources */,
			);
			buildRules = (
			);
			dependencies = (
				827998881E69619B00EB55C6 /* PBXTargetDependency */,
			);
			name = DYDemoUITests;
			productName = DYDemoUITests;
			productReference = 827998861E69619B00EB55C6 /* DYDemoUITests.xctest */;
			productType = "com.apple.product-type.bundle.ui-testing";
		};
/* End PBXNativeTarget section */

/* Begin PBXProject section */
		8279985F1E69619B00EB55C6 /* Project object */ = {
			isa = PBXProject;
			attributes = {
				LastSwiftUpdateCheck = 0820;
				LastUpgradeCheck = 0820;
				ORGANIZATIONNAME = YLT;
				TargetAttributes = {
					827998661E69619B00EB55C6 = {
						CreatedOnToolsVersion = 8.2.1;
						DevelopmentTeam = HV8NWK3YP7;
						ProvisioningStyle = Automatic;
					};
					8279987A1E69619B00EB55C6 = {
						CreatedOnToolsVersion = 8.2.1;
						DevelopmentTeam = HV8NWK3YP7;
						ProvisioningStyle = Automatic;
						TestTargetID = 827998661E69619B00EB55C6;
					};
					827998851E69619B00EB55C6 = {
						CreatedOnToolsVersion = 8.2.1;
						DevelopmentTeam = HV8NWK3YP7;
						ProvisioningStyle = Automatic;
						TestTargetID = 827998661E69619B00EB55C6;
					};
				};
			};
			buildConfigurationList = 827998621E69619B00EB55C6 /* Build configuration list for PBXProject "DYDemo" */;
			compatibilityVersion = "Xcode 3.2";
			developmentRegion = English;
			hasScannedForEncodings = 0;
			knownRegions = (
				en,
				Base,
			);
			mainGroup = 8279985E1E69619B00EB55C6;
			productRefGroup = 827998681E69619B00EB55C6 /* Products */;
			projectDirPath = "";
			projectRoot = "";
			targets = (
				827998661E69619B00EB55C6 /* DYDemo */,
				8279987A1E69619B00EB55C6 /* DYDemoTests */,
				827998851E69619B00EB55C6 /* DYDemoUITests */,
			);
		};
/* End PBXProject section */

/* Begin PBXResourcesBuildPhase section */
		827998651E69619B00EB55C6 /* Resources */ = {
			isa = PBXResourcesBuildPhase;
			buildActionMask = 2147483647;
			files = (
				827998751E69619B00EB55C6 /* LaunchScreen.storyboard in Resources */,
				827998721E69619B00EB55C6 /* Assets.xcassets in Resources */,
				827998701E69619B00EB55C6 /* Main.storyboard in Resources */,
				825AD5411E6BE142009554C9 /* Live.storyboard in Resources */,
				825AD53F1E6BE03D009554C9 /* Home.storyboard in Resources */,
				825AD5471E6BE1B0009554C9 /* Profile.storyboard in Resources */,
				825AD5441E6BE160009554C9 /* Follow.storyboard in Resources */,
			);
			runOnlyForDeploymentPostprocessing = 0;
		};
		827998791E69619B00EB55C6 /* Resources */ = {
			isa = PBXResourcesBuildPhase;
			buildActionMask = 2147483647;
			files = (
			);
			runOnlyForDeploymentPostprocessing = 0;
		};
		827998841E69619B00EB55C6 /* Resources */ = {
			isa = PBXResourcesBuildPhase;
			buildActionMask = 2147483647;
			files = (
			);
			runOnlyForDeploymentPostprocessing = 0;
		};
/* End PBXResourcesBuildPhase section */

/* Begin PBXSourcesBuildPhase section */
		827998631E69619B00EB55C6 /* Sources */ = {
			isa = PBXSourcesBuildPhase;
			buildActionMask = 2147483647;
			files = (
				825AD5521E6C092D009554C9 /* MainViewController.swift in Sources */,
				822BFC7F1E716AF700E8C3B0 /* UIColor-Extension.swift in Sources */,
				82D1C0D51E76A81F00218D0A /* ReCommendViewController.swift in Sources */,
				8279986B1E69619B00EB55C6 /* AppDelegate.swift in Sources */,
				822D071C1E703481002FDFE0 /* PageTitleView.swift in Sources */,
				82FF86E51E71680100B4082A /* PageContentView.swift in Sources */,
				822D071A1E702C6B002FDFE0 /* UIBarButtonItem-Extension.swift in Sources */,
				822D071E1E703742002FDFE0 /* Common.swift in Sources */,
				825AD5541E6C0978009554C9 /* HomeViewController.swift in Sources */,
			);
			runOnlyForDeploymentPostprocessing = 0;
		};
		827998771E69619B00EB55C6 /* Sources */ = {
			isa = PBXSourcesBuildPhase;
			buildActionMask = 2147483647;
			files = (
				827998801E69619B00EB55C6 /* DYDemoTests.swift in Sources */,
			);
			runOnlyForDeploymentPostprocessing = 0;
		};
		827998821E69619B00EB55C6 /* Sources */ = {
			isa = PBXSourcesBuildPhase;
			buildActionMask = 2147483647;
			files = (
				8279988B1E69619B00EB55C6 /* DYDemoUITests.swift in Sources */,
			);
			runOnlyForDeploymentPostprocessing = 0;
		};
/* End PBXSourcesBuildPhase section */

/* Begin PBXTargetDependency section */
		8279987D1E69619B00EB55C6 /* PBXTargetDependency */ = {
			isa = PBXTargetDependency;
			target = 827998661E69619B00EB55C6 /* DYDemo */;
			targetProxy = 8279987C1E69619B00EB55C6 /* PBXContainerItemProxy */;
		};
		827998881E69619B00EB55C6 /* PBXTargetDependency */ = {
			isa = PBXTargetDependency;
			target = 827998661E69619B00EB55C6 /* DYDemo */;
			targetProxy = 827998871E69619B00EB55C6 /* PBXContainerItemProxy */;
		};
/* End PBXTargetDependency section */

/* Begin PBXVariantGroup section */
		825AD53D1E6BE03D009554C9 /* Home.storyboard */ = {
			isa = PBXVariantGroup;
			children = (
				825AD53E1E6BE03D009554C9 /* Base */,
			);
			name = Home.storyboard;
			path = ../../..;
			sourceTree = "<group>";
		};
		825AD5421E6BE160009554C9 /* Follow.storyboard */ = {
			isa = PBXVariantGroup;
			children = (
				825AD5431E6BE160009554C9 /* Base */,
			);
			name = Follow.storyboard;
			path = ../..;
			sourceTree = "<group>";
		};
		8279986E1E69619B00EB55C6 /* Main.storyboard */ = {
			isa = PBXVariantGroup;
			children = (
				8279986F1E69619B00EB55C6 /* Base */,
			);
			name = Main.storyboard;
			path = ../../..;
			sourceTree = "<group>";
		};
		827998731E69619B00EB55C6 /* LaunchScreen.storyboard */ = {
			isa = PBXVariantGroup;
			children = (
				827998741E69619B00EB55C6 /* Base */,
			);
			name = LaunchScreen.storyboard;
			sourceTree = "<group>";
		};
/* End PBXVariantGroup section */

/* Begin XCBuildConfiguration section */
		8279988D1E69619B00EB55C6 /* Debug */ = {
			isa = XCBuildConfiguration;
			buildSettings = {
				ALWAYS_SEARCH_USER_PATHS = NO;
				CLANG_ANALYZER_NONNULL = YES;
				CLANG_CXX_LANGUAGE_STANDARD = "gnu++0x";
				CLANG_CXX_LIBRARY = "libc++";
				CLANG_ENABLE_MODULES = YES;
				CLANG_ENABLE_OBJC_ARC = YES;
				CLANG_WARN_BOOL_CONVERSION = YES;
				CLANG_WARN_CONSTANT_CONVERSION = YES;
				CLANG_WARN_DIRECT_OBJC_ISA_USAGE = YES_ERROR;
				CLANG_WARN_DOCUMENTATION_COMMENTS = YES;
				CLANG_WARN_EMPTY_BODY = YES;
				CLANG_WARN_ENUM_CONVERSION = YES;
				CLANG_WARN_INFINITE_RECURSION = YES;
				CLANG_WARN_INT_CONVERSION = YES;
				CLANG_WARN_OBJC_ROOT_CLASS = YES_ERROR;
				CLANG_WARN_SUSPICIOUS_MOVE = YES;
				CLANG_WARN_UNREACHABLE_CODE = YES;
				CLANG_WARN__DUPLICATE_METHOD_MATCH = YES;
				"CODE_SIGN_IDENTITY[sdk=iphoneos*]" = "iPhone Developer";
				COPY_PHASE_STRIP = NO;
				DEBUG_INFORMATION_FORMAT = dwarf;
				ENABLE_STRICT_OBJC_MSGSEND = YES;
				ENABLE_TESTABILITY = YES;
				GCC_C_LANGUAGE_STANDARD = gnu99;
				GCC_DYNAMIC_NO_PIC = NO;
				GCC_NO_COMMON_BLOCKS = YES;
				GCC_OPTIMIZATION_LEVEL = 0;
				GCC_PREPROCESSOR_DEFINITIONS = (
					"DEBUG=1",
					"$(inherited)",
				);
				GCC_WARN_64_TO_32_BIT_CONVERSION = YES;
				GCC_WARN_ABOUT_RETURN_TYPE = YES_ERROR;
				GCC_WARN_UNDECLARED_SELECTOR = YES;
				GCC_WARN_UNINITIALIZED_AUTOS = YES_AGGRESSIVE;
				GCC_WARN_UNUSED_FUNCTION = YES;
				GCC_WARN_UNUSED_VARIABLE = YES;
				IPHONEOS_DEPLOYMENT_TARGET = 10.2;
				MTL_ENABLE_DEBUG_INFO = YES;
				ONLY_ACTIVE_ARCH = YES;
				SDKROOT = iphoneos;
				SWIFT_ACTIVE_COMPILATION_CONDITIONS = DEBUG;
				SWIFT_OPTIMIZATION_LEVEL = "-Onone";
			};
			name = Debug;
		};
		8279988E1E69619B00EB55C6 /* Release */ = {
			isa = XCBuildConfiguration;
			buildSettings = {
				ALWAYS_SEARCH_USER_PATHS = NO;
				CLANG_ANALYZER_NONNULL = YES;
				CLANG_CXX_LANGUAGE_STANDARD = "gnu++0x";
				CLANG_CXX_LIBRARY = "libc++";
				CLANG_ENABLE_MODULES = YES;
				CLANG_ENABLE_OBJC_ARC = YES;
				CLANG_WARN_BOOL_CONVERSION = YES;
				CLANG_WARN_CONSTANT_CONVERSION = YES;
				CLANG_WARN_DIRECT_OBJC_ISA_USAGE = YES_ERROR;
				CLANG_WARN_DOCUMENTATION_COMMENTS = YES;
				CLANG_WARN_EMPTY_BODY = YES;
				CLANG_WARN_ENUM_CONVERSION = YES;
				CLANG_WARN_INFINITE_RECURSION = YES;
				CLANG_WARN_INT_CONVERSION = YES;
				CLANG_WARN_OBJC_ROOT_CLASS = YES_ERROR;
				CLANG_WARN_SUSPICIOUS_MOVE = YES;
				CLANG_WARN_UNREACHABLE_CODE = YES;
				CLANG_WARN__DUPLICATE_METHOD_MATCH = YES;
				"CODE_SIGN_IDENTITY[sdk=iphoneos*]" = "iPhone Developer";
				COPY_PHASE_STRIP = NO;
				DEBUG_INFORMATION_FORMAT = "dwarf-with-dsym";
				ENABLE_NS_ASSERTIONS = NO;
				ENABLE_STRICT_OBJC_MSGSEND = YES;
				GCC_C_LANGUAGE_STANDARD = gnu99;
				GCC_NO_COMMON_BLOCKS = YES;
				GCC_WARN_64_TO_32_BIT_CONVERSION = YES;
				GCC_WARN_ABOUT_RETURN_TYPE = YES_ERROR;
				GCC_WARN_UNDECLARED_SELECTOR = YES;
				GCC_WARN_UNINITIALIZED_AUTOS = YES_AGGRESSIVE;
				GCC_WARN_UNUSED_FUNCTION = YES;
				GCC_WARN_UNUSED_VARIABLE = YES;
				IPHONEOS_DEPLOYMENT_TARGET = 10.2;
				MTL_ENABLE_DEBUG_INFO = NO;
				SDKROOT = iphoneos;
				SWIFT_OPTIMIZATION_LEVEL = "-Owholemodule";
				VALIDATE_PRODUCT = YES;
			};
			name = Release;
		};
		827998901E69619B00EB55C6 /* Debug */ = {
			isa = XCBuildConfiguration;
			buildSettings = {
				ASSETCATALOG_COMPILER_APPICON_NAME = AppIcon;
				ASSETCATALOG_COMPILER_LAUNCHIMAGE_NAME = LaunchImage;
				DEVELOPMENT_TEAM = HV8NWK3YP7;
				INFOPLIST_FILE = DYDemo/Info.plist;
				LD_RUNPATH_SEARCH_PATHS = "$(inherited) @executable_path/Frameworks";
				PRODUCT_BUNDLE_IDENTIFIER = YiLianTong.DYDemo;
				PRODUCT_NAME = "$(TARGET_NAME)";
				SWIFT_VERSION = 3.0;
			};
			name = Debug;
		};
		827998911E69619B00EB55C6 /* Release */ = {
			isa = XCBuildConfiguration;
			buildSettings = {
				ASSETCATALOG_COMPILER_APPICON_NAME = AppIcon;
				ASSETCATALOG_COMPILER_LAUNCHIMAGE_NAME = LaunchImage;
				DEVELOPMENT_TEAM = HV8NWK3YP7;
				INFOPLIST_FILE = DYDemo/Info.plist;
				LD_RUNPATH_SEARCH_PATHS = "$(inherited) @executable_path/Frameworks";
				PRODUCT_BUNDLE_IDENTIFIER = YiLianTong.DYDemo;
				PRODUCT_NAME = "$(TARGET_NAME)";
				SWIFT_VERSION = 3.0;
			};
			name = Release;
		};
		827998931E69619B00EB55C6 /* Debug */ = {
			isa = XCBuildConfiguration;
			buildSettings = {
				ALWAYS_EMBED_SWIFT_STANDARD_LIBRARIES = YES;
				BUNDLE_LOADER = "$(TEST_HOST)";
				DEVELOPMENT_TEAM = HV8NWK3YP7;
				INFOPLIST_FILE = DYDemoTests/Info.plist;
				LD_RUNPATH_SEARCH_PATHS = "$(inherited) @executable_path/Frameworks @loader_path/Frameworks";
				PRODUCT_BUNDLE_IDENTIFIER = YiLianTong.DYDemoTests;
				PRODUCT_NAME = "$(TARGET_NAME)";
				SWIFT_VERSION = 3.0;
				TEST_HOST = "$(BUILT_PRODUCTS_DIR)/DYDemo.app/DYDemo";
			};
			name = Debug;
		};
		827998941E69619B00EB55C6 /* Release */ = {
			isa = XCBuildConfiguration;
			buildSettings = {
				ALWAYS_EMBED_SWIFT_STANDARD_LIBRARIES = YES;
				BUNDLE_LOADER = "$(TEST_HOST)";
				DEVELOPMENT_TEAM = HV8NWK3YP7;
				INFOPLIST_FILE = DYDemoTests/Info.plist;
				LD_RUNPATH_SEARCH_PATHS = "$(inherited) @executable_path/Frameworks @loader_path/Frameworks";
				PRODUCT_BUNDLE_IDENTIFIER = YiLianTong.DYDemoTests;
				PRODUCT_NAME = "$(TARGET_NAME)";
				SWIFT_VERSION = 3.0;
				TEST_HOST = "$(BUILT_PRODUCTS_DIR)/DYDemo.app/DYDemo";
			};
			name = Release;
		};
		827998961E69619B00EB55C6 /* Debug */ = {
			isa = XCBuildConfiguration;
			buildSettings = {
				ALWAYS_EMBED_SWIFT_STANDARD_LIBRARIES = YES;
				DEVELOPMENT_TEAM = HV8NWK3YP7;
				INFOPLIST_FILE = DYDemoUITests/Info.plist;
				LD_RUNPATH_SEARCH_PATHS = "$(inherited) @executable_path/Frameworks @loader_path/Frameworks";
				PRODUCT_BUNDLE_IDENTIFIER = YiLianTong.DYDemoUITests;
				PRODUCT_NAME = "$(TARGET_NAME)";
				SWIFT_VERSION = 3.0;
				TEST_TARGET_NAME = DYDemo;
			};
			name = Debug;
		};
		827998971E69619B00EB55C6 /* Release */ = {
			isa = XCBuildConfiguration;
			buildSettings = {
				ALWAYS_EMBED_SWIFT_STANDARD_LIBRARIES = YES;
				DEVELOPMENT_TEAM = HV8NWK3YP7;
				INFOPLIST_FILE = DYDemoUITests/Info.plist;
				LD_RUNPATH_SEARCH_PATHS = "$(inherited) @executable_path/Frameworks @loader_path/Frameworks";
				PRODUCT_BUNDLE_IDENTIFIER = YiLianTong.DYDemoUITests;
				PRODUCT_NAME = "$(TARGET_NAME)";
				SWIFT_VERSION = 3.0;
				TEST_TARGET_NAME = DYDemo;
			};
			name = Release;
		};
/* End XCBuildConfiguration section */

/* Begin XCConfigurationList section */
		827998621E69619B00EB55C6 /* Build configuration list for PBXProject "DYDemo" */ = {
			isa = XCConfigurationList;
			buildConfigurations = (
				8279988D1E69619B00EB55C6 /* Debug */,
				8279988E1E69619B00EB55C6 /* Release */,
			);
			defaultConfigurationIsVisible = 0;
			defaultConfigurationName = Release;
		};
		8279988F1E69619B00EB55C6 /* Build configuration list for PBXNativeTarget "DYDemo" */ = {
			isa = XCConfigurationList;
			buildConfigurations = (
				827998901E69619B00EB55C6 /* Debug */,
				827998911E69619B00EB55C6 /* Release */,
			);
			defaultConfigurationIsVisible = 0;
			defaultConfigurationName = Release;
		};
		827998921E69619B00EB55C6 /* Build configuration list for PBXNativeTarget "DYDemoTests" */ = {
			isa = XCConfigurationList;
			buildConfigurations = (
				827998931E69619B00EB55C6 /* Debug */,
				827998941E69619B00EB55C6 /* Release */,
			);
			defaultConfigurationIsVisible = 0;
			defaultConfigurationName = Release;
		};
		827998951E69619B00EB55C6 /* Build configuration list for PBXNativeTarget "DYDemoUITests" */ = {
			isa = XCConfigurationList;
			buildConfigurations = (
				827998961E69619B00EB55C6 /* Debug */,
				827998971E69619B00EB55C6 /* Release */,
			);
			defaultConfigurationIsVisible = 0;
			defaultConfigurationName = Release;
		};
/* End XCConfigurationList section */
	};
	rootObject = 8279985F1E69619B00EB55C6 /* Project object */;
}
